{
    "_meta": {
        "hash": {
            "sha256": "0fe0e508a03b61210bfc147176ab663bf02a9af58d7b7b7d5cde8c3e8c1e8ccc"
        },
        "host-environment-markers": {
            "implementation_name": "cpython",
            "implementation_version": "3.5.1",
            "os_name": "posix",
            "platform_machine": "x86_64",
            "platform_python_implementation": "CPython",
            "platform_release": "14.5.0",
            "platform_system": "Darwin",
            "platform_version": "Darwin Kernel Version 14.5.0: Mon Jan 11 18:48:35 PST 2016; root:xnu-2782.50.2~1/RELEASE_X86_64",
            "python_full_version": "3.5.1",
            "python_version": "3.5",
            "sys_platform": "darwin"
        },
        "pipfile-spec": 6,
        "requires": {},
        "sources": [
            {
                "name": "pypi",
                "url": "https://pypi.python.org/simple",
                "verify_ssl": true
            }
        ]
    },
    "default": {
        "mako": {
            "hashes": [
                "sha256:4e02fde57bd4abb5ec400181e4c314f56ac3e49ba4fb8b0d50bba18cb27d25ae"
            ],
            "version": "==1.0.7"
        },
        "markupsafe": {
            "hashes": [
                "sha256:a6be69091dac236ea9c6bc7d012beab42010fa914c459791d627dad4910eb665"
            ],
            "version": "==1.0"
        },
        "nose": {
            "hashes": [
                "sha256:dadcddc0aefbf99eea214e0f1232b94f2fa9bd98fa8353711dacb112bfcbbb2a",
                "sha256:9ff7c6cc443f8c51994b34a667bbcf45afd6d945be7477b52e97516fd17c53ac",
                "sha256:f1bffef9cbc82628f6e7d7b40d7e255aefaa1adb6a1b1d26c69a8b79e6208a98"
            ],
            "version": "==1.3.7"
        }
    },
    "develop": {}
}
